# This file is automatically @generated by Cargo.
# It is not intended for manual editing.
[[package]]
name = "bootloader"
version = "0.9.4"
source = "registry+https://github.com/rust-lang/crates.io-index"

[[package]]
name = "rusty_os"
version = "0.1.0"
dependencies = [
 "bootloader 0.9.4 (registry+https://github.com/rust-lang/crates.io-index)",
 "volatile 0.2.6 (registry+https://github.com/rust-lang/crates.io-index)",
]

[[package]]
name = "volatile"
version = "0.2.6"
source = "registry+https://github.com/rust-lang/crates.io-index"

[metadata]
"checksum bootloader 0.9.4 (registry+https://github.com/rust-lang/crates.io-index)" = "56452f4da420d25cf4bbf5b8fdc1529a8bde79a081f2619ce7ebc6d581117261"
"checksum volatile 0.2.6 (registry+https://github.com/rust-lang/crates.io-index)" = "6af0edf5b4faacc31fc51159244d78d65ec580f021afcef7bd53c04aeabc7f29"
